
Microsoft Visual Studio Solution File, Format Version 12.00
# Visual Studio Version 17
VisualStudioVersion = 17.14.36221.1
MinimumVisualStudioVersion = 10.0.40219.1
Project("{FAE04EC0-301F-11D3-BF4B-00C04F79EFBC}") = "AsignmentEFECore01", "AsignmentEFECore01\AsignmentEFECore01.csproj", "{415C52BD-4001-48E2-AD5E-ABB2775698A7}"
EndProject
Project("{FAE04EC0-301F-11D3-BF4B-00C04F79EFBC}") = "Demo", "Demo\Demo.csproj", "{F83A9EBE-FC1F-4740-BC94-0D21DE520A99}"
EndProject
Global
	GlobalSection(SolutionConfigurationPlatforms) = preSolution
		Debug|Any CPU = Debug|Any CPU
		Release|Any CPU = Release|Any CPU
	EndGlobalSection
	GlobalSection(ProjectConfigurationPlatforms) = postSolution
		{415C52BD-4001-48E2-AD5E-ABB2775698A7}.Debug|Any CPU.ActiveCfg = Debug|Any CPU
		{415C52BD-4001-48E2-AD5E-ABB2775698A7}.Debug|Any CPU.Build.0 = Debug|Any CPU
		{415C52BD-4001-48E2-AD5E-ABB2775698A7}.Release|Any CPU.ActiveCfg = Release|Any CPU
		{415C52BD-4001-48E2-AD5E-ABB2775698A7}.Release|Any CPU.Build.0 = Release|Any CPU
		{F83A9EBE-FC1F-4740-BC94-0D21DE520A99}.Debug|Any CPU.ActiveCfg = Debug|Any CPU
		{F83A9EBE-FC1F-4740-BC94-0D21DE520A99}.Debug|Any CPU.Build.0 = Debug|Any CPU
		{F83A9EBE-FC1F-4740-BC94-0D21DE520A99}.Release|Any CPU.ActiveCfg = Release|Any CPU
		{F83A9EBE-FC1F-4740-BC94-0D21DE520A99}.Release|Any CPU.Build.0 = Release|Any CPU
	EndGlobalSection
	GlobalSection(SolutionProperties) = preSolution
		HideSolutionNode = FALSE
	EndGlobalSection
	GlobalSection(ExtensibilityGlobals) = postSolution
		SolutionGuid = {93055828-5718-43FA-BE15-1DAC0A9CFB6C}
	EndGlobalSection
EndGlobal
